// !$*UTF8*$!
{
	archiveVersion = 1;
	classes = {
	};
	objectVersion = 50;
	objects = {

/* Begin PBXBuildFile section */
		523CA29D223B093900D1FBBF /* SwiftSocket.framework in Frameworks */ = {isa = PBXBuildFile; fileRef = 523CA29C223B093900D1FBBF /* SwiftSocket.framework */; };
		523CA29E223B093900D1FBBF /* SwiftSocket.framework in Embed Frameworks */ = {isa = PBXBuildFile; fileRef = 523CA29C223B093900D1FBBF /* SwiftSocket.framework */; settings = {ATTRIBUTES = (CodeSignOnCopy, RemoveHeadersOnCopy, ); }; };
		523CA2A1223B09AA00D1FBBF /* DashboardViewModel.swift in Sources */ = {isa = PBXBuildFile; fileRef = 523CA2A0223B09AA00D1FBBF /* DashboardViewModel.swift */; };
		523CA2A3223B1D5200D1FBBF /* M13Checkbox.framework in Frameworks */ = {isa = PBXBuildFile; fileRef = 523CA2A2223B1D5200D1FBBF /* M13Checkbox.framework */; };
		523CA2A4223B1D5200D1FBBF /* M13Checkbox.framework in Embed Frameworks */ = {isa = PBXBuildFile; fileRef = 523CA2A2223B1D5200D1FBBF /* M13Checkbox.framework */; settings = {ATTRIBUTES = (CodeSignOnCopy, RemoveHeadersOnCopy, ); }; };
		523CA2A6223B5E6D00D1FBBF /* RevealingSplashView.framework in Frameworks */ = {isa = PBXBuildFile; fileRef = 523CA2A5223B5E6D00D1FBBF /* RevealingSplashView.framework */; };
		523CA2A7223B5E6D00D1FBBF /* RevealingSplashView.framework in Embed Frameworks */ = {isa = PBXBuildFile; fileRef = 523CA2A5223B5E6D00D1FBBF /* RevealingSplashView.framework */; settings = {ATTRIBUTES = (CodeSignOnCopy, RemoveHeadersOnCopy, ); }; };
		524174B322388F4500A6234E /* AppDelegate.swift in Sources */ = {isa = PBXBuildFile; fileRef = 524174B222388F4500A6234E /* AppDelegate.swift */; };
		524174B522388F4500A6234E /* ViewController.swift in Sources */ = {isa = PBXBuildFile; fileRef = 524174B422388F4500A6234E /* ViewController.swift */; };
		524174BA22388F4600A6234E /* Assets.xcassets in Resources */ = {isa = PBXBuildFile; fileRef = 524174B922388F4600A6234E /* Assets.xcassets */; };
		524174BD22388F4600A6234E /* LaunchScreen.storyboard in Resources */ = {isa = PBXBuildFile; fileRef = 524174BB22388F4600A6234E /* LaunchScreen.storyboard */; };
		524174C822388F4700A6234E /* DashboardTests.swift in Sources */ = {isa = PBXBuildFile; fileRef = 524174C722388F4700A6234E /* DashboardTests.swift */; };
		524174D322388F4700A6234E /* DashboardUITests.swift in Sources */ = {isa = PBXBuildFile; fileRef = 524174D222388F4700A6234E /* DashboardUITests.swift */; };
		528C0884223AF6C300AFB357 /* FieldPoint.swift in Sources */ = {isa = PBXBuildFile; fileRef = 528C0883223AF6C300AFB357 /* FieldPoint.swift */; };
		528C0886223AF72600AFB357 /* UIFieldView.swift in Sources */ = {isa = PBXBuildFile; fileRef = 528C0885223AF72600AFB357 /* UIFieldView.swift */; };
/* End PBXBuildFile section */

/* Begin PBXContainerItemProxy section */
		524174C422388F4700A6234E /* PBXContainerItemProxy */ = {
			isa = PBXContainerItemProxy;
			containerPortal = 524174A722388F4500A6234E /* Project object */;
			proxyType = 1;
			remoteGlobalIDString = 524174AE22388F4500A6234E;
			remoteInfo = Dashboard;
		};
		524174CF22388F4700A6234E /* PBXContainerItemProxy */ = {
			isa = PBXContainerItemProxy;
			containerPortal = 524174A722388F4500A6234E /* Project object */;
			proxyType = 1;
			remoteGlobalIDString = 524174AE22388F4500A6234E;
			remoteInfo = Dashboard;
		};
/* End PBXContainerItemProxy section */

/* Begin PBXCopyFilesBuildPhase section */
		523CA29F223B093900D1FBBF /* Embed Frameworks */ = {
			isa = PBXCopyFilesBuildPhase;
			buildActionMask = 2147483647;
			dstPath = "";
			dstSubfolderSpec = 10;
			files = (
				523CA2A7223B5E6D00D1FBBF /* RevealingSplashView.framework in Embed Frameworks */,
				523CA29E223B093900D1FBBF /* SwiftSocket.framework in Embed Frameworks */,
				523CA2A4223B1D5200D1FBBF /* M13Checkbox.framework in Embed Frameworks */,
			);
			name = "Embed Frameworks";
			runOnlyForDeploymentPostprocessing = 0;
		};
/* End PBXCopyFilesBuildPhase section */

/* Begin PBXFileReference section */
		523CA29C223B093900D1FBBF /* SwiftSocket.framework */ = {isa = PBXFileReference; lastKnownFileType = wrapper.framework; name = SwiftSocket.framework; path = Carthage/Build/iOS/SwiftSocket.framework; sourceTree = "<group>"; };
		523CA2A0223B09AA00D1FBBF /* DashboardViewModel.swift */ = {isa = PBXFileReference; lastKnownFileType = sourcecode.swift; path = DashboardViewModel.swift; sourceTree = "<group>"; };
		523CA2A2223B1D5200D1FBBF /* M13Checkbox.framework */ = {isa = PBXFileReference; lastKnownFileType = wrapper.framework; name = M13Checkbox.framework; path = Carthage/Build/iOS/M13Checkbox.framework; sourceTree = "<group>"; };
		523CA2A5223B5E6D00D1FBBF /* RevealingSplashView.framework */ = {isa = PBXFileReference; lastKnownFileType = wrapper.framework; name = RevealingSplashView.framework; path = Carthage/Build/iOS/RevealingSplashView.framework; sourceTree = "<group>"; };
		524174AF22388F4500A6234E /* Dashboard.app */ = {isa = PBXFileReference; explicitFileType = wrapper.application; includeInIndex = 0; path = Dashboard.app; sourceTree = BUILT_PRODUCTS_DIR; };
		524174B222388F4500A6234E /* AppDelegate.swift */ = {isa = PBXFileReference; lastKnownFileType = sourcecode.swift; path = AppDelegate.swift; sourceTree = "<group>"; };
		524174B422388F4500A6234E /* ViewController.swift */ = {isa = PBXFileReference; lastKnownFileType = sourcecode.swift; path = ViewController.swift; sourceTree = "<group>"; };
		524174B922388F4600A6234E /* Assets.xcassets */ = {isa = PBXFileReference; lastKnownFileType = folder.assetcatalog; path = Assets.xcassets; sourceTree = "<group>"; };
		524174BC22388F4600A6234E /* Base */ = {isa = PBXFileReference; lastKnownFileType = file.storyboard; name = Base; path = Base.lproj/LaunchScreen.storyboard; sourceTree = "<group>"; };
		524174BE22388F4600A6234E /* Info.plist */ = {isa = PBXFileReference; lastKnownFileType = text.plist.xml; path = Info.plist; sourceTree = "<group>"; };
		524174C322388F4700A6234E /* DashboardTests.xctest */ = {isa = PBXFileReference; explicitFileType = wrapper.cfbundle; includeInIndex = 0; path = DashboardTests.xctest; sourceTree = BUILT_PRODUCTS_DIR; };
		524174C722388F4700A6234E /* DashboardTests.swift */ = {isa = PBXFileReference; lastKnownFileType = sourcecode.swift; path = DashboardTests.swift; sourceTree = "<group>"; };
		524174C922388F4700A6234E /* Info.plist */ = {isa = PBXFileReference; lastKnownFileType = text.plist.xml; path = Info.plist; sourceTree = "<group>"; };
		524174CE22388F4700A6234E /* DashboardUITests.xctest */ = {isa = PBXFileReference; explicitFileType = wrapper.cfbundle; includeInIndex = 0; path = DashboardUITests.xctest; sourceTree = BUILT_PRODUCTS_DIR; };
		524174D222388F4700A6234E /* DashboardUITests.swift */ = {isa = PBXFileReference; lastKnownFileType = sourcecode.swift; path = DashboardUITests.swift; sourceTree = "<group>"; };
		524174D422388F4700A6234E /* Info.plist */ = {isa = PBXFileReference; lastKnownFileType = text.plist.xml; path = Info.plist; sourceTree = "<group>"; };
		528C0883223AF6C300AFB357 /* FieldPoint.swift */ = {isa = PBXFileReference; lastKnownFileType = sourcecode.swift; path = FieldPoint.swift; sourceTree = "<group>"; };
		528C0885223AF72600AFB357 /* UIFieldView.swift */ = {isa = PBXFileReference; lastKnownFileType = sourcecode.swift; path = UIFieldView.swift; sourceTree = "<group>"; };
/* End PBXFileReference section */

/* Begin PBXFrameworksBuildPhase section */
		524174AC22388F4500A6234E /* Frameworks */ = {
			isa = PBXFrameworksBuildPhase;
			buildActionMask = 2147483647;
			files = (
				523CA2A6223B5E6D00D1FBBF /* RevealingSplashView.framework in Frameworks */,
				523CA29D223B093900D1FBBF /* SwiftSocket.framework in Frameworks */,
				523CA2A3223B1D5200D1FBBF /* M13Checkbox.framework in Frameworks */,
			);
			runOnlyForDeploymentPostprocessing = 0;
		};
		524174C022388F4600A6234E /* Frameworks */ = {
			isa = PBXFrameworksBuildPhase;
			buildActionMask = 2147483647;
			files = (
			);
			runOnlyForDeploymentPostprocessing = 0;
		};
		524174CB22388F4700A6234E /* Frameworks */ = {
			isa = PBXFrameworksBuildPhase;
			buildActionMask = 2147483647;
			files = (
			);
			runOnlyForDeploymentPostprocessing = 0;
		};
/* End PBXFrameworksBuildPhase section */

/* Begin PBXGroup section */
		524174A622388F4500A6234E = {
			isa = PBXGroup;
			children = (
				523CA2A5223B5E6D00D1FBBF /* RevealingSplashView.framework */,
				523CA2A2223B1D5200D1FBBF /* M13Checkbox.framework */,
				523CA29C223B093900D1FBBF /* SwiftSocket.framework */,
				524174B122388F4500A6234E /* Dashboard */,
				524174C622388F4700A6234E /* DashboardTests */,
				524174D122388F4700A6234E /* DashboardUITests */,
				524174B022388F4500A6234E /* Products */,
			);
			sourceTree = "<group>";
		};
		524174B022388F4500A6234E /* Products */ = {
			isa = PBXGroup;
			children = (
				524174AF22388F4500A6234E /* Dashboard.app */,
				524174C322388F4700A6234E /* DashboardTests.xctest */,
				524174CE22388F4700A6234E /* DashboardUITests.xctest */,
			);
			name = Products;
			sourceTree = "<group>";
		};
		524174B122388F4500A6234E /* Dashboard */ = {
			isa = PBXGroup;
			children = (
				524174B222388F4500A6234E /* AppDelegate.swift */,
				524174B422388F4500A6234E /* ViewController.swift */,
				524174B922388F4600A6234E /* Assets.xcassets */,
				524174BB22388F4600A6234E /* LaunchScreen.storyboard */,
				524174BE22388F4600A6234E /* Info.plist */,
				528C0883223AF6C300AFB357 /* FieldPoint.swift */,
				528C0885223AF72600AFB357 /* UIFieldView.swift */,
				523CA2A0223B09AA00D1FBBF /* DashboardViewModel.swift */,
			);
			path = Dashboard;
			sourceTree = "<group>";
		};
		524174C622388F4700A6234E /* DashboardTests */ = {
			isa = PBXGroup;
			children = (
				524174C722388F4700A6234E /* DashboardTests.swift */,
				524174C922388F4700A6234E /* Info.plist */,
			);
			path = DashboardTests;
			sourceTree = "<group>";
		};
		524174D122388F4700A6234E /* DashboardUITests */ = {
			isa = PBXGroup;
			children = (
				524174D222388F4700A6234E /* DashboardUITests.swift */,
				524174D422388F4700A6234E /* Info.plist */,
			);
			path = DashboardUITests;
			sourceTree = "<group>";
		};
/* End PBXGroup section */

/* Begin PBXNativeTarget section */
		524174AE22388F4500A6234E /* Dashboard */ = {
			isa = PBXNativeTarget;
			buildConfigurationList = 524174D722388F4700A6234E /* Build configuration list for PBXNativeTarget "Dashboard" */;
			buildPhases = (
				524174AB22388F4500A6234E /* Sources */,
				524174AC22388F4500A6234E /* Frameworks */,
				524174AD22388F4500A6234E /* Resources */,
				523CA29F223B093900D1FBBF /* Embed Frameworks */,
			);
			buildRules = (
			);
			dependencies = (
			);
			name = Dashboard;
			productName = Dashboard;
			productReference = 524174AF22388F4500A6234E /* Dashboard.app */;
			productType = "com.apple.product-type.application";
		};
		524174C222388F4600A6234E /* DashboardTests */ = {
			isa = PBXNativeTarget;
			buildConfigurationList = 524174DA22388F4700A6234E /* Build configuration list for PBXNativeTarget "DashboardTests" */;
			buildPhases = (
				524174BF22388F4600A6234E /* Sources */,
				524174C022388F4600A6234E /* Frameworks */,
				524174C122388F4600A6234E /* Resources */,
			);
			buildRules = (
			);
			dependencies = (
				524174C522388F4700A6234E /* PBXTargetDependency */,
			);
			name = DashboardTests;
			productName = DashboardTests;
			productReference = 524174C322388F4700A6234E /* DashboardTests.xctest */;
			productType = "com.apple.product-type.bundle.unit-test";
		};
		524174CD22388F4700A6234E /* DashboardUITests */ = {
			isa = PBXNativeTarget;
			buildConfigurationList = 524174DD22388F4700A6234E /* Build configuration list for PBXNativeTarget "DashboardUITests" */;
			buildPhases = (
				524174CA22388F4700A6234E /* Sources */,
				524174CB22388F4700A6234E /* Frameworks */,
				524174CC22388F4700A6234E /* Resources */,
			);
			buildRules = (
			);
			dependencies = (
				524174D022388F4700A6234E /* PBXTargetDependency */,
			);
			name = DashboardUITests;
			productName = DashboardUITests;
			productReference = 524174CE22388F4700A6234E /* DashboardUITests.xctest */;
			productType = "com.apple.product-type.bundle.ui-testing";
		};
/* End PBXNativeTarget section */

/* Begin PBXProject section */
		524174A722388F4500A6234E /* Project object */ = {
			isa = PBXProject;
			attributes = {
				LastSwiftUpdateCheck = 1010;
				LastUpgradeCheck = 1010;
				ORGANIZATIONNAME = "John Panos";
				TargetAttributes = {
					524174AE22388F4500A6234E = {
						CreatedOnToolsVersion = 10.1;
					};
					524174C222388F4600A6234E = {
						CreatedOnToolsVersion = 10.1;
						TestTargetID = 524174AE22388F4500A6234E;
					};
					524174CD22388F4700A6234E = {
						CreatedOnToolsVersion = 10.1;
						TestTargetID = 524174AE22388F4500A6234E;
					};
				};
			};
			buildConfigurationList = 524174AA22388F4500A6234E /* Build configuration list for PBXProject "Dashboard" */;
			compatibilityVersion = "Xcode 9.3";
			developmentRegion = en;
			hasScannedForEncodings = 0;
			knownRegions = (
				en,
				Base,
			);
			mainGroup = 524174A622388F4500A6234E;
			productRefGroup = 524174B022388F4500A6234E /* Products */;
			projectDirPath = "";
			projectRoot = "";
			targets = (
				524174AE22388F4500A6234E /* Dashboard */,
				524174C222388F4600A6234E /* DashboardTests */,
				524174CD22388F4700A6234E /* DashboardUITests */,
			);
		};
/* End PBXProject section */

/* Begin PBXResourcesBuildPhase section */
		524174AD22388F4500A6234E /* Resources */ = {
			isa = PBXResourcesBuildPhase;
			buildActionMask = 2147483647;
			files = (
				524174BD22388F4600A6234E /* LaunchScreen.storyboard in Resources */,
				524174BA22388F4600A6234E /* Assets.xcassets in Resources */,
			);
			runOnlyForDeploymentPostprocessing = 0;
		};
		524174C122388F4600A6234E /* Resources */ = {
			isa = PBXResourcesBuildPhase;
			buildActionMask = 2147483647;
			files = (
			);
			runOnlyForDeploymentPostprocessing = 0;
		};
		524174CC22388F4700A6234E /* Resources */ = {
			isa = PBXResourcesBuildPhase;
			buildActionMask = 2147483647;
			files = (
			);
			runOnlyForDeploymentPostprocessing = 0;
		};
/* End PBXResourcesBuildPhase section */

/* Begin PBXSourcesBuildPhase section */
		524174AB22388F4500A6234E /* Sources */ = {
			isa = PBXSourcesBuildPhase;
			buildActionMask = 2147483647;
			files = (
				528C0884223AF6C300AFB357 /* FieldPoint.swift in Sources */,
				523CA2A1223B09AA00D1FBBF /* DashboardViewModel.swift in Sources */,
				528C0886223AF72600AFB357 /* UIFieldView.swift in Sources */,
				524174B522388F4500A6234E /* ViewController.swift in Sources */,
				524174B322388F4500A6234E /* AppDelegate.swift in Sources */,
			);
			runOnlyForDeploymentPostprocessing = 0;
		};
		524174BF22388F4600A6234E /* Sources */ = {
			isa = PBXSourcesBuildPhase;
			buildActionMask = 2147483647;
			files = (
				524174C822388F4700A6234E /* DashboardTests.swift in Sources */,
			);
			runOnlyForDeploymentPostprocessing = 0;
		};
		524174CA22388F4700A6234E /* Sources */ = {
			isa = PBXSourcesBuildPhase;
			buildActionMask = 2147483647;
			files = (
				524174D322388F4700A6234E /* DashboardUITests.swift in Sources */,
			);
			runOnlyForDeploymentPostprocessing = 0;
		};
/* End PBXSourcesBuildPhase section */

/* Begin PBXTargetDependency section */
		524174C522388F4700A6234E /* PBXTargetDependency */ = {
			isa = PBXTargetDependency;
			target = 524174AE22388F4500A6234E /* Dashboard */;
			targetProxy = 524174C422388F4700A6234E /* PBXContainerItemProxy */;
		};
		524174D022388F4700A6234E /* PBXTargetDependency */ = {
			isa = PBXTargetDependency;
			target = 524174AE22388F4500A6234E /* Dashboard */;
			targetProxy = 524174CF22388F4700A6234E /* PBXContainerItemProxy */;
		};
/* End PBXTargetDependency section */

/* Begin PBXVariantGroup section */
		524174BB22388F4600A6234E /* LaunchScreen.storyboard */ = {
			isa = PBXVariantGroup;
			children = (
				524174BC22388F4600A6234E /* Base */,
			);
			name = LaunchScreen.storyboard;
			sourceTree = "<group>";
		};
/* End PBXVariantGroup section */

/* Begin XCBuildConfiguration section */
		524174D522388F4700A6234E /* Debug */ = {
			isa = XCBuildConfiguration;
			buildSettings = {
				ALWAYS_SEARCH_USER_PATHS = NO;
				CLANG_ANALYZER_NONNULL = YES;
				CLANG_ANALYZER_NUMBER_OBJECT_CONVERSION = YES_AGGRESSIVE;
				CLANG_CXX_LANGUAGE_STANDARD = "gnu++14";
				CLANG_CXX_LIBRARY = "libc++";
				CLANG_ENABLE_MODULES = YES;
				CLANG_ENABLE_OBJC_ARC = YES;
				CLANG_ENABLE_OBJC_WEAK = YES;
				CLANG_WARN_BLOCK_CAPTURE_AUTORELEASING = YES;
				CLANG_WARN_BOOL_CONVERSION = YES;
				CLANG_WARN_COMMA = YES;
				CLANG_WARN_CONSTANT_CONVERSION = YES;
				CLANG_WARN_DEPRECATED_OBJC_IMPLEMENTATIONS = YES;
				CLANG_WARN_DIRECT_OBJC_ISA_USAGE = YES_ERROR;
				CLANG_WARN_DOCUMENTATION_COMMENTS = YES;
				CLANG_WARN_EMPTY_BODY = YES;
				CLANG_WARN_ENUM_CONVERSION = YES;
				CLANG_WARN_INFINITE_RECURSION = YES;
				CLANG_WARN_INT_CONVERSION = YES;
				CLANG_WARN_NON_LITERAL_NULL_CONVERSION = YES;
				CLANG_WARN_OBJC_IMPLICIT_RETAIN_SELF = YES;
				CLANG_WARN_OBJC_LITERAL_CONVERSION = YES;
				CLANG_WARN_OBJC_ROOT_CLASS = YES_ERROR;
				CLANG_WARN_RANGE_LOOP_ANALYSIS = YES;
				CLANG_WARN_STRICT_PROTOTYPES = YES;
				CLANG_WARN_SUSPICIOUS_MOVE = YES;
				CLANG_WARN_UNGUARDED_AVAILABILITY = YES_AGGRESSIVE;
				CLANG_WARN_UNREACHABLE_CODE = YES;
				CLANG_WARN__DUPLICATE_METHOD_MATCH = YES;
				CODE_SIGN_IDENTITY = "iPhone Developer";
				COPY_PHASE_STRIP = NO;
				DEBUG_INFORMATION_FORMAT = dwarf;
				ENABLE_STRICT_OBJC_MSGSEND = YES;
				ENABLE_TESTABILITY = YES;
				GCC_C_LANGUAGE_STANDARD = gnu11;
				GCC_DYNAMIC_NO_PIC = NO;
				GCC_NO_COMMON_BLOCKS = YES;
				GCC_OPTIMIZATION_LEVEL = 0;
				GCC_PREPROCESSOR_DEFINITIONS = (
					"DEBUG=1",
					"$(inherited)",
				);
				GCC_WARN_64_TO_32_BIT_CONVERSION = YES;
				GCC_WARN_ABOUT_RETURN_TYPE = YES_ERROR;
				GCC_WARN_UNDECLARED_SELECTOR = YES;
				GCC_WARN_UNINITIALIZED_AUTOS = YES_AGGRESSIVE;
				GCC_WARN_UNUSED_FUNCTION = YES;
				GCC_WARN_UNUSED_VARIABLE = YES;
				IPHONEOS_DEPLOYMENT_TARGET = 12.1;
				MTL_ENABLE_DEBUG_INFO = INCLUDE_SOURCE;
				MTL_FAST_MATH = YES;
				ONLY_ACTIVE_ARCH = YES;
				SDKROOT = iphoneos;
				SWIFT_ACTIVE_COMPILATION_CONDITIONS = DEBUG;
				SWIFT_OPTIMIZATION_LEVEL = "-Onone";
			};
			name = Debug;
		};
		524174D622388F4700A6234E /* Release */ = {
			isa = XCBuildConfiguration;
			buildSettings = {
				ALWAYS_SEARCH_USER_PATHS = NO;
				CLANG_ANALYZER_NONNULL = YES;
				CLANG_ANALYZER_NUMBER_OBJECT_CONVERSION = YES_AGGRESSIVE;
				CLANG_CXX_LANGUAGE_STANDARD = "gnu++14";
				CLANG_CXX_LIBRARY = "libc++";
				CLANG_ENABLE_MODULES = YES;
				CLANG_ENABLE_OBJC_ARC = YES;
				CLANG_ENABLE_OBJC_WEAK = YES;
				CLANG_WARN_BLOCK_CAPTURE_AUTORELEASING = YES;
				CLANG_WARN_BOOL_CONVERSION = YES;
				CLANG_WARN_COMMA = YES;
				CLANG_WARN_CONSTANT_CONVERSION = YES;
				CLANG_WARN_DEPRECATED_OBJC_IMPLEMENTATIONS = YES;
				CLANG_WARN_DIRECT_OBJC_ISA_USAGE = YES_ERROR;
				CLANG_WARN_DOCUMENTATION_COMMENTS = YES;
				CLANG_WARN_EMPTY_BODY = YES;
				CLANG_WARN_ENUM_CONVERSION = YES;
				CLANG_WARN_INFINITE_RECURSION = YES;
				CLANG_WARN_INT_CONVERSION = YES;
				CLANG_WARN_NON_LITERAL_NULL_CONVERSION = YES;
				CLANG_WARN_OBJC_IMPLICIT_RETAIN_SELF = YES;
				CLANG_WARN_OBJC_LITERAL_CONVERSION = YES;
				CLANG_WARN_OBJC_ROOT_CLASS = YES_ERROR;
				CLANG_WARN_RANGE_LOOP_ANALYSIS = YES;
				CLANG_WARN_STRICT_PROTOTYPES = YES;
				CLANG_WARN_SUSPICIOUS_MOVE = YES;
				CLANG_WARN_UNGUARDED_AVAILABILITY = YES_AGGRESSIVE;
				CLANG_WARN_UNREACHABLE_CODE = YES;
				CLANG_WARN__DUPLICATE_METHOD_MATCH = YES;
				CODE_SIGN_IDENTITY = "iPhone Developer";
				COPY_PHASE_STRIP = NO;
				DEBUG_INFORMATION_FORMAT = "dwarf-with-dsym";
				ENABLE_NS_ASSERTIONS = NO;
				ENABLE_STRICT_OBJC_MSGSEND = YES;
				GCC_C_LANGUAGE_STANDARD = gnu11;
				GCC_NO_COMMON_BLOCKS = YES;
				GCC_WARN_64_TO_32_BIT_CONVERSION = YES;
				GCC_WARN_ABOUT_RETURN_TYPE = YES_ERROR;
				GCC_WARN_UNDECLARED_SELECTOR = YES;
				GCC_WARN_UNINITIALIZED_AUTOS = YES_AGGRESSIVE;
				GCC_WARN_UNUSED_FUNCTION = YES;
				GCC_WARN_UNUSED_VARIABLE = YES;
				IPHONEOS_DEPLOYMENT_TARGET = 12.1;
				MTL_ENABLE_DEBUG_INFO = NO;
				MTL_FAST_MATH = YES;
				SDKROOT = iphoneos;
				SWIFT_COMPILATION_MODE = wholemodule;
				SWIFT_OPTIMIZATION_LEVEL = "-O";
				VALIDATE_PRODUCT = YES;
			};
			name = Release;
		};
		524174D822388F4700A6234E /* Debug */ = {
			isa = XCBuildConfiguration;
			buildSettings = {
				ASSETCATALOG_COMPILER_APPICON_NAME = AppIcon;
				CODE_SIGN_IDENTITY = "iPhone Developer";
				CODE_SIGN_STYLE = Automatic;
				DEVELOPMENT_TEAM = 3PWDM4W55V;
				FRAMEWORK_SEARCH_PATHS = (
					"$(inherited)",
					"$(PROJECT_DIR)/Carthage/Build/iOS",
				);
				INFOPLIST_FILE = Dashboard/Info.plist;
				IPHONEOS_DEPLOYMENT_TARGET = 11.0;
				LD_RUNPATH_SEARCH_PATHS = (
					"$(inherited)",
					"@executable_path/Frameworks",
				);
				PRODUCT_BUNDLE_IDENTIFIER = "com.panos.Dashboard-2019";
				PRODUCT_NAME = "$(TARGET_NAME)";
				PROVISIONING_PROFILE_SPECIFIER = "";
				SWIFT_VERSION = 4.2;
				TARGETED_DEVICE_FAMILY = "1,2";
			};
			name = Debug;
		};
		524174D922388F4700A6234E /* Release */ = {
			isa = XCBuildConfiguration;
			buildSettings = {
				ASSETCATALOG_COMPILER_APPICON_NAME = AppIcon;
				CODE_SIGN_IDENTITY = "iPhone Developer";
				CODE_SIGN_STYLE = Automatic;
				DEVELOPMENT_TEAM = 3PWDM4W55V;
				FRAMEWORK_SEARCH_PATHS = (
					"$(inherited)",
					"$(PROJECT_DIR)/Carthage/Build/iOS",
				);
				INFOPLIST_FILE = Dashboard/Info.plist;
				IPHONEOS_DEPLOYMENT_TARGET = 11.0;
				LD_RUNPATH_SEARCH_PATHS = (
					"$(inherited)",
					"@executable_path/Frameworks",
				);
				PRODUCT_BUNDLE_IDENTIFIER = "com.panos.Dashboard-2019";
				PRODUCT_NAME = "$(TARGET_NAME)";
				PROVISIONING_PROFILE_SPECIFIER = "";
				SWIFT_VERSION = 4.2;
				TARGETED_DEVICE_FAMILY = "1,2";
			};
			name = Release;
		};
		524174DB22388F4700A6234E /* Debug */ = {
			isa = XCBuildConfiguration;
			buildSettings = {
				ALWAYS_EMBED_SWIFT_STANDARD_LIBRARIES = YES;
				BUNDLE_LOADER = "$(TEST_HOST)";
				CODE_SIGN_STYLE = Automatic;
				DEVELOPMENT_TEAM = 3PWDM4W55V;
				INFOPLIST_FILE = DashboardTests/Info.plist;
				LD_RUNPATH_SEARCH_PATHS = (
					"$(inherited)",
					"@executable_path/Frameworks",
					"@loader_path/Frameworks",
				);
				PRODUCT_BUNDLE_IDENTIFIER = com.panos.DashboardTests;
				PRODUCT_NAME = "$(TARGET_NAME)";
				SWIFT_VERSION = 4.2;
				TARGETED_DEVICE_FAMILY = "1,2";
				TEST_HOST = "$(BUILT_PRODUCTS_DIR)/Dashboard.app/Dashboard";
			};
			name = Debug;
		};
		524174DC22388F4700A6234E /* Release */ = {
			isa = XCBuildConfiguration;
			buildSettings = {
				ALWAYS_EMBED_SWIFT_STANDARD_LIBRARIES = YES;
				BUNDLE_LOADER = "$(TEST_HOST)";
				CODE_SIGN_STYLE = Automatic;
				DEVELOPMENT_TEAM = 3PWDM4W55V;
				INFOPLIST_FILE = DashboardTests/Info.plist;
				LD_RUNPATH_SEARCH_PATHS = (
					"$(inherited)",
					"@executable_path/Frameworks",
					"@loader_path/Frameworks",
				);
				PRODUCT_BUNDLE_IDENTIFIER = com.panos.DashboardTests;
				PRODUCT_NAME = "$(TARGET_NAME)";
				SWIFT_VERSION = 4.2;
				TARGETED_DEVICE_FAMILY = "1,2";
				TEST_HOST = "$(BUILT_PRODUCTS_DIR)/Dashboard.app/Dashboard";
			};
			name = Release;
		};
		524174DE22388F4700A6234E /* Debug */ = {
			isa = XCBuildConfiguration;
			buildSettings = {
				ALWAYS_EMBED_SWIFT_STANDARD_LIBRARIES = YES;
				CODE_SIGN_STYLE = Automatic;
				DEVELOPMENT_TEAM = 3PWDM4W55V;
				INFOPLIST_FILE = DashboardUITests/Info.plist;
				LD_RUNPATH_SEARCH_PATHS = (
					"$(inherited)",
					"@executable_path/Frameworks",
					"@loader_path/Frameworks",
				);
				PRODUCT_BUNDLE_IDENTIFIER = com.panos.DashboardUITests;
				PRODUCT_NAME = "$(TARGET_NAME)";
				SWIFT_VERSION = 4.2;
				TARGETED_DEVICE_FAMILY = "1,2";
				TEST_TARGET_NAME = Dashboard;
			};
			name = Debug;
		};
		524174DF22388F4700A6234E /* Release */ = {
			isa = XCBuildConfiguration;
			buildSettings = {
				ALWAYS_EMBED_SWIFT_STANDARD_LIBRARIES = YES;
				CODE_SIGN_STYLE = Automatic;
				DEVELOPMENT_TEAM = 3PWDM4W55V;
				INFOPLIST_FILE = DashboardUITests/Info.plist;
				LD_RUNPATH_SEARCH_PATHS = (
					"$(inherited)",
					"@executable_path/Frameworks",
					"@loader_path/Frameworks",
				);
				PRODUCT_BUNDLE_IDENTIFIER = com.panos.DashboardUITests;
				PRODUCT_NAME = "$(TARGET_NAME)";
				SWIFT_VERSION = 4.2;
				TARGETED_DEVICE_FAMILY = "1,2";
				TEST_TARGET_NAME = Dashboard;
			};
			name = Release;
		};
/* End XCBuildConfiguration section */

/* Begin XCConfigurationList section */
		524174AA22388F4500A6234E /* Build configuration list for PBXProject "Dashboard" */ = {
			isa = XCConfigurationList;
			buildConfigurations = (
				524174D522388F4700A6234E /* Debug */,
				524174D622388F4700A6234E /* Release */,
			);
			defaultConfigurationIsVisible = 0;
			defaultConfigurationName = Release;
		};
		524174D722388F4700A6234E /* Build configuration list for PBXNativeTarget "Dashboard" */ = {
			isa = XCConfigurationList;
			buildConfigurations = (
				524174D822388F4700A6234E /* Debug */,
				524174D922388F4700A6234E /* Release */,
			);
			defaultConfigurationIsVisible = 0;
			defaultConfigurationName = Release;
		};
		524174DA22388F4700A6234E /* Build configuration list for PBXNativeTarget "DashboardTests" */ = {
			isa = XCConfigurationList;
			buildConfigurations = (
				524174DB22388F4700A6234E /* Debug */,
				524174DC22388F4700A6234E /* Release */,
			);
			defaultConfigurationIsVisible = 0;
			defaultConfigurationName = Release;
		};
		524174DD22388F4700A6234E /* Build configuration list for PBXNativeTarget "DashboardUITests" */ = {
			isa = XCConfigurationList;
			buildConfigurations = (
				524174DE22388F4700A6234E /* Debug */,
				524174DF22388F4700A6234E /* Release */,
			);
			defaultConfigurationIsVisible = 0;
			defaultConfigurationName = Release;
		};
/* End XCConfigurationList section */
	};
	rootObject = 524174A722388F4500A6234E /* Project object */;
}
